<?xml version="1.0" encoding="utf-8"?>
<Project ToolsVersion="4.0" xmlns="http://schemas.microsoft.com/developer/msbuild/2003">
  <ItemGroup>
    <Filter Include="Source Files">
      <UniqueIdentifier>{4FC737F1-C7A5-4376-A066-2A32D752A2FF}</UniqueIdentifier>
      <Extensions>cpp;c;cc;cxx;def;odl;idl;hpj;bat;asm;asmx</Extensions>
    </Filter>
    <Filter Include="Header Files">
      <UniqueIdentifier>{93995380-89BD-4b04-88EB-625FBE52EBFB}</UniqueIdentifier>
      <Extensions>h;hh;hpp;hxx;hm;inl;inc;xsd</Extensions>
    </Filter>
    <Filter Include="Resource Files">
      <UniqueIdentifier>{67DA6AB6-F800-4c08-8B7A-83BB121AAD01}</UniqueIdentifier>
      <Extensions>rc;ico;cur;bmp;dlg;rc2;rct;bin;rgs;gif;jpg;jpeg;jpe;resx;tiff;tif;png;wav;mfcribbon-ms</Extensions>
    </Filter>
    <Filter Include="Header Files\Core">
      <UniqueIdentifier>{c4f22de4-8e46-4264-9e88-fe134c25a301}</UniqueIdentifier>
    </Filter>
    <Filter Include="Header Files\Core\Main">
      <UniqueIdentifier>{06af9dc3-aff8-4eb1-9c98-e47c4551ccf8}</UniqueIdentifier>
    </Filter>
    <Filter Include="Header Files\Defines">
      <UniqueIdentifier>{988c3669-124b-466f-a1d0-f01cfc0ecaca}</UniqueIdentifier>
    </Filter>
    <Filter Include="Header Files\Core\Systems">
      <UniqueIdentifier>{8af85374-7325-4f6b-9f04-12b04f570217}</UniqueIdentifier>
    </Filter>
    <Filter Include="Header Files\SceneGraph">
      <UniqueIdentifier>{2eace384-ee48-411a-8d2b-68a83c20d1eb}</UniqueIdentifier>
    </Filter>
    <Filter Include="Header Files\SceneGraph\Base">
      <UniqueIdentifier>{52601555-9d2a-444e-accc-760bad25ce88}</UniqueIdentifier>
    </Filter>
    <Filter Include="Header Files\Defines\Context">
      <UniqueIdentifier>{691345fc-ec7d-4143-9f0e-7d74a833f04b}</UniqueIdentifier>
    </Filter>
    <Filter Include="Header Files\Core\Systems\Base">
      <UniqueIdentifier>{f0fe8676-0ac6-4705-8003-94dcfc226548}</UniqueIdentifier>
    </Filter>
  </ItemGroup>
  <ItemGroup>
    <ClCompile Include="Engine/Core/Engine.cpp">
      <Filter>Header Files\Core</Filter>
    </ClCompile>
    <ClCompile Include="Engine/Core/Main/WinMain.cpp">
      <Filter>Header Files\Core\Main</Filter>
    </ClCompile>
    <ClCompile Include="Engine/Core/Systems/Window.cpp">
      <Filter>Header Files\Core\Systems</Filter>
    </ClCompile>
    <ClCompile Include="Engine/Core/Systems/Game.cpp">
      <Filter>Header Files\Core\Systems</Filter>
    </ClCompile>
    <ClCompile Include="Engine/Scene Graph/Base/UObject.cpp">
      <Filter>Header Files\SceneGraph\Base</Filter>
    </ClCompile>
    <ClCompile Include="Engine/Core/Systems/Base/System.cpp">
      <Filter>Header Files\Core\Systems\Base</Filter>
    </ClCompile>
  </ItemGroup>
  <ItemGroup>
    <ClInclude Include="Engine/Core/Main/WinMain.h">
      <Filter>Header Files\Core\Main</Filter>
    </ClInclude>
    <ClInclude Include="Engine/Core/Systems/Window.h">
      <Filter>Header Files\Core\Systems</Filter>
    </ClInclude>
    <ClInclude Include="Engine/Core/Systems/Game.h">
      <Filter>Header Files\Core\Systems</Filter>
    </ClInclude>
    <ClInclude Include="Engine/Core/Systems/Base/System.h">
      <Filter>Header Files\Core\Systems\Base</Filter>
    </ClInclude>
    <ClInclude Include="Engine/Core/Engine.h">
      <Filter>Header Files\Core</Filter>
    </ClInclude>
    <ClInclude Include="Engine/Defines/Context/context.h">
      <Filter>Header Files\Defines\Context</Filter>
    </ClInclude>
    <ClInclude Include="Engine/Defines/deletemacros.h">
      <Filter>Header Files\Defines</Filter>
    </ClInclude>
    <ClInclude Include="Engine/Defines/iostream.h">
      <Filter>Header Files\Defines</Filter>
    </ClInclude>
    <ClInclude Include="Engine/Defines/string.h">
      <Filter>Header Files\Defines</Filter>
    </ClInclude>
    <ClInclude Include="Engine/Scene Graph/Base/UObject.h">
      <Filter>Header Files\SceneGraph\Base</Filter>
    </ClInclude>
  </ItemGroup>
</Project>